
Microsoft Visual Studio Solution File, Format Version 12.00
# Visual Studio Version 16
VisualStudioVersion = 16.0.29519.181
MinimumVisualStudioVersion = 10.0.40219.1
Project("{FAE04EC0-301F-11D3-BF4B-00C04F79EFBC}") = "Computational_Geometry", "Computational_Geometry\Computational_Geometry.csproj", "{45FBAA74-D3A6-4B09-8B0F-38F169F5B6FD}"
EndProject
Global
	GlobalSection(SolutionConfigurationPlatforms) = preSolution
		Debug|Any CPU = Debug|Any CPU
		Release|Any CPU = Release|Any CPU
	EndGlobalSection
	GlobalSection(ProjectConfigurationPlatforms) = postSolution
		{45FBAA74-D3A6-4B09-8B0F-38F169F5B6FD}.Debug|Any CPU.ActiveCfg = Debug|Any CPU
		{45FBAA74-D3A6-4B09-8B0F-38F169F5B6FD}.Debug|Any CPU.Build.0 = Debug|Any CPU
		{45FBAA74-D3A6-4B09-8B0F-38F169F5B6FD}.Release|Any CPU.ActiveCfg = Release|Any CPU
		{45FBAA74-D3A6-4B09-8B0F-38F169F5B6FD}.Release|Any CPU.Build.0 = Release|Any CPU
	EndGlobalSection
	GlobalSection(SolutionProperties) = preSolution
		HideSolutionNode = FALSE
	EndGlobalSection
	GlobalSection(ExtensibilityGlobals) = postSolution
		SolutionGuid = {D5232DAA-1A6E-4DC8-A9AD-3995DFEE3E7B}
	EndGlobalSection
EndGlobal
